lockfileVersion: 5.4

specifiers:
  cheerio: 1.0.0-rc.10
  fs-extra: ^10.0.1
  handlebars: ^4.7.7
  request: ^2.88.2

dependencies:
  fs-extra: registry.npmmirror.com/fs-extra/10.1.0
  handlebars: registry.npmmirror.com/handlebars/4.7.7

devDependencies:
  cheerio: registry.npmmirror.com/cheerio/1.0.0-rc.10
  request: registry.npmmirror.com/request/2.88.2

packages:

  /verror/1.10.0:
    resolution: {integrity: sha1-OhBcoXBTr1XW4nDB+CiGguGNpAA=, tarball: verror/download/verror-1.10.0.tgz}
    engines: {'0': node >=0.6.0}
    dependencies:
      assert-plus: registry.npmmirror.com/assert-plus/1.0.0
      core-util-is: registry.npmmirror.com/core-util-is/1.0.2
      extsprintf: registry.npmmirror.com/extsprintf/1.3.0
    dev: true

  registry.npmmirror.com/ajv/6.12.6:
    resolution: {integrity: sha512-j3fVLgvTo527anyYyJOGTYJbG+vnnQYvE0m5mmkc1TK+nxAppkCLMIL0aZ4dblVCNoGShhm+kzE4ZUykBoMg4g==, registry: https://registry.nlark.com/, tarball: https://registry.npmmirror.com/ajv/-/ajv-6.12.6.tgz}
    name: ajv
    version: 6.12.6
    dependencies:
      fast-deep-equal: registry.npmmirror.com/fast-deep-equal/3.1.3
      fast-json-stable-stringify: registry.npmmirror.com/fast-json-stable-stringify/2.1.0
      json-schema-traverse: registry.npmmirror.com/json-schema-traverse/0.4.1
      uri-js: registry.npmmirror.com/uri-js/4.4.1
    dev: true

  registry.npmmirror.com/asn1/0.2.6:
    resolution: {integrity: sha512-ix/FxPn0MDjeyJ7i/yoHGFt/EX6LyNbxSEhPPXODPL+KB0VPk86UYfL0lMdy+KCnv+fmvIzySwaK5COwqVbWTQ==, registry: https://registry.nlark.com/, tarball: https://registry.npmmirror.com/asn1/-/asn1-0.2.6.tgz}
    name: asn1
    version: 0.2.6
    dependencies:
      safer-buffer: registry.npmmirror.com/safer-buffer/2.1.2
    dev: true

  registry.npmmirror.com/assert-plus/1.0.0:
    resolution: {integrity: sha512-NfJ4UzBCcQGLDlQq7nHxH+tv3kyZ0hHQqF5BO6J7tNJeP5do1llPr8dZ8zHonfhAu0PHAdMkSo+8o0wxg9lZWw==, registry: https://registry.nlark.com/, tarball: https://registry.npmmirror.com/assert-plus/-/assert-plus-1.0.0.tgz}
    name: assert-plus
    version: 1.0.0
    engines: {node: '>=0.8'}
    dev: true

  registry.npmmirror.com/asynckit/0.4.0:
    resolution: {integrity: sha512-Oei9OH4tRh0YqU3GxhX79dM/mwVgvbZJaSNaRk+bshkj0S5cfHcgYakreBjrHwatXKbz+IoIdYLxrKim2MjW0Q==, registry: https://registry.nlark.com/, tarball: https://registry.npmmirror.com/asynckit/-/asynckit-0.4.0.tgz}
    name: asynckit
    version: 0.4.0
    dev: true

  registry.npmmirror.com/aws-sign2/0.7.0:
    resolution: {integrity: sha512-08kcGqnYf/YmjoRhfxyu+CLxBjUtHLXLXX/vUfx9l2LYzG3c1m61nrpyFUZI6zeS+Li/wWMMidD9KgrqtGq3mA==, registry: https://registry.nlark.com/, tarball: https://registry.npmmirror.com/aws-sign2/-/aws-sign2-0.7.0.tgz}
    name: aws-sign2
    version: 0.7.0
    dev: true

  registry.npmmirror.com/aws4/1.11.0:
    resolution: {integrity: sha512-xh1Rl34h6Fi1DC2WWKfxUTVqRsNnr6LsKz2+hfwDxQJWmrx8+c7ylaqBMcHfl1U1r2dsifOvKX3LQuLNZ+XSvA==, registry: https://registry.nlark.com/, tarball: https://registry.npmmirror.com/aws4/-/aws4-1.11.0.tgz}
    name: aws4
    version: 1.11.0
    dev: true

  registry.npmmirror.com/bcrypt-pbkdf/1.0.2:
    resolution: {integrity: sha512-qeFIXtP4MSoi6NLqO12WfqARWWuCKi2Rn/9hJLEmtB5yTNr9DqFWkJRCf2qShWzPeAMRnOgCrq0sg/KLv5ES9w==, registry: https://registry.nlark.com/, tarball: https://registry.npmmirror.com/bcrypt-pbkdf/-/bcrypt-pbkdf-1.0.2.tgz}
    name: bcrypt-pbkdf
    version: 1.0.2
    dependencies:
      tweetnacl: registry.npmmirror.com/tweetnacl/0.14.5
    dev: true

  registry.npmmirror.com/boolbase/1.0.0:
    resolution: {integrity: sha512-JZOSA7Mo9sNGB8+UjSgzdLtokWAky1zbztM3WRLCbZ70/3cTANmQmOdR7y2g+J0e2WXywy1yS468tY+IruqEww==, registry: https://registry.nlark.com/, tarball: https://registry.npmmirror.com/boolbase/-/boolbase-1.0.0.tgz}
    name: boolbase
    version: 1.0.0
    dev: true

  registry.npmmirror.com/caseless/0.12.0:
    resolution: {integrity: sha512-4tYFyifaFfGacoiObjJegolkwSU4xQNGbVgUiNYVUxbQ2x2lUsFvY4hVgVzGiIe6WLOPqycWXA40l+PWsxthUw==, registry: https://registry.nlark.com/, tarball: https://registry.npmmirror.com/caseless/-/caseless-0.12.0.tgz}
    name: caseless
    version: 0.12.0
    dev: true

  registry.npmmirror.com/cheerio-select/1.6.0:
    resolution: {integrity: sha512-eq0GdBvxVFbqWgmCm7M3XGs1I8oLy/nExUnh6oLqmBditPO9AqQJrkslDpMun/hZ0yyTs8L0m85OHp4ho6Qm9g==, registry: https://registry.nlark.com/, tarball: https://registry.npmmirror.com/cheerio-select/-/cheerio-select-1.6.0.tgz}
    name: cheerio-select
    version: 1.6.0
    dependencies:
      css-select: registry.npmmirror.com/css-select/4.3.0
      css-what: registry.npmmirror.com/css-what/6.1.0
      domelementtype: registry.npmmirror.com/domelementtype/2.3.0
      domhandler: registry.npmmirror.com/domhandler/4.3.1
      domutils: registry.npmmirror.com/domutils/2.8.0
    dev: true

  registry.npmmirror.com/cheerio/1.0.0-rc.10:
    resolution: {integrity: sha512-g0J0q/O6mW8z5zxQ3A8E8J1hUgp4SMOvEoW/x84OwyHKe/Zccz83PVT4y5Crcr530FV6NgmKI1qvGTKVl9XXVw==, registry: https://registry.nlark.com/, tarball: https://registry.npmmirror.com/cheerio/-/cheerio-1.0.0-rc.10.tgz}
    name: cheerio
    version: 1.0.0-rc.10
    engines: {node: '>= 6'}
    dependencies:
      cheerio-select: registry.npmmirror.com/cheerio-select/1.6.0
      dom-serializer: registry.npmmirror.com/dom-serializer/1.4.1
      domhandler: registry.npmmirror.com/domhandler/4.3.1
      htmlparser2: registry.npmmirror.com/htmlparser2/6.1.0
      parse5: registry.npmmirror.com/parse5/6.0.1
      parse5-htmlparser2-tree-adapter: registry.npmmirror.com/parse5-htmlparser2-tree-adapter/6.0.1
      tslib: registry.npmmirror.com/tslib/2.4.0
    dev: true

  registry.npmmirror.com/combined-stream/1.0.8:
    resolution: {integrity: sha512-FQN4MRfuJeHf7cBbBMJFXhKSDq+2kAArBlmRBvcvFE5BB1HZKXtSFASDhdlz9zOYwxh8lDdnvmMOe/+5cdoEdg==, registry: https://registry.nlark.com/, tarball: https://registry.npmmirror.com/combined-stream/-/combined-stream-1.0.8.tgz}
    name: combined-stream
    version: 1.0.8
    engines: {node: '>= 0.8'}
    dependencies:
      delayed-stream: registry.npmmirror.com/delayed-stream/1.0.0
    dev: true

  registry.npmmirror.com/core-util-is/1.0.2:
    resolution: {integrity: sha512-3lqz5YjWTYnW6dlDa5TLaTCcShfar1e40rmcJVwCBJC6mWlFuj0eCHIElmG1g5kyuJ/GD+8Wn4FFCcz4gJPfaQ==, registry: https://registry.nlark.com/, tarball: https://registry.npmmirror.com/core-util-is/-/core-util-is-1.0.2.tgz}
    name: core-util-is
    version: 1.0.2
    dev: true

  registry.npmmirror.com/css-select/4.3.0:
    resolution: {integrity: sha512-wPpOYtnsVontu2mODhA19JrqWxNsfdatRKd64kmpRbQgh1KtItko5sTnEpPdpSaJszTOhEMlF/RPz28qj4HqhQ==, registry: https://registry.nlark.com/, tarball: https://registry.npmmirror.com/css-select/-/css-select-4.3.0.tgz}
    name: css-select
    version: 4.3.0
    dependencies:
      boolbase: registry.npmmirror.com/boolbase/1.0.0
      css-what: registry.npmmirror.com/css-what/6.1.0
      domhandler: registry.npmmirror.com/domhandler/4.3.1
      domutils: registry.npmmirror.com/domutils/2.8.0
      nth-check: registry.npmmirror.com/nth-check/2.0.1
    dev: true

  registry.npmmirror.com/css-what/6.1.0:
    resolution: {integrity: sha512-HTUrgRJ7r4dsZKU6GjmpfRK1O76h97Z8MfS1G0FozR+oF2kG6Vfe8JE6zwrkbxigziPHinCJ+gCPjA9EaBDtRw==, registry: https://registry.nlark.com/, tarball: https://registry.npmmirror.com/css-what/-/css-what-6.1.0.tgz}
    name: css-what
    version: 6.1.0
    engines: {node: '>= 6'}
    dev: true

  registry.npmmirror.com/dashdash/1.14.1:
    resolution: {integrity: sha512-jRFi8UDGo6j+odZiEpjazZaWqEal3w/basFjQHQEwVtZJGDpxbH1MeYluwCS8Xq5wmLJooDlMgvVarmWfGM44g==, registry: https://registry.nlark.com/, tarball: https://registry.npmmirror.com/dashdash/-/dashdash-1.14.1.tgz}
    name: dashdash
    version: 1.14.1
    engines: {node: '>=0.10'}
    dependencies:
      assert-plus: registry.npmmirror.com/assert-plus/1.0.0
    dev: true

  registry.npmmirror.com/delayed-stream/1.0.0:
    resolution: {integrity: sha512-ZySD7Nf91aLB0RxL4KGrKHBXl7Eds1DAmEdcoVawXnLD7SDhpNgtuII2aAkg7a7QS41jxPSZ17p4VdGnMHk3MQ==, registry: https://registry.nlark.com/, tarball: https://registry.npmmirror.com/delayed-stream/-/delayed-stream-1.0.0.tgz}
    name: delayed-stream
    version: 1.0.0
    engines: {node: '>=0.4.0'}
    dev: true

  registry.npmmirror.com/dom-serializer/1.4.1:
    resolution: {integrity: sha512-VHwB3KfrcOOkelEG2ZOfxqLZdfkil8PtJi4P8N2MMXucZq2yLp75ClViUlOVwyoHEDjYU433Aq+5zWP61+RGag==, registry: https://registry.nlark.com/, tarball: https://registry.npmmirror.com/dom-serializer/-/dom-serializer-1.4.1.tgz}
    name: dom-serializer
    version: 1.4.1
    dependencies:
      domelementtype: registry.npmmirror.com/domelementtype/2.3.0
      domhandler: registry.npmmirror.com/domhandler/4.3.1
      entities: registry.npmmirror.com/entities/2.2.0
    dev: true

  registry.npmmirror.com/domelementtype/2.3.0:
    resolution: {integrity: sha512-OLETBj6w0OsagBwdXnPdN0cnMfF9opN69co+7ZrbfPGrdpPVNBUj02spi6B1N7wChLQiPn4CSH/zJvXw56gmHw==, registry: https://registry.nlark.com/, tarball: https://registry.npmmirror.com/domelementtype/-/domelementtype-2.3.0.tgz}
    name: domelementtype
    version: 2.3.0
    dev: true

  registry.npmmirror.com/domhandler/4.3.1:
    resolution: {integrity: sha512-GrwoxYN+uWlzO8uhUXRl0P+kHE4GtVPfYzVLcUxPL7KNdHKj66vvlhiweIHqYYXWlw+T8iLMp42Lm67ghw4WMQ==, registry: https://registry.nlark.com/, tarball: https://registry.npmmirror.com/domhandler/-/domhandler-4.3.1.tgz}
    name: domhandler
    version: 4.3.1
    engines: {node: '>= 4'}
    dependencies:
      domelementtype: registry.npmmirror.com/domelementtype/2.3.0
    dev: true

  registry.npmmirror.com/domutils/2.8.0:
    resolution: {integrity: sha512-w96Cjofp72M5IIhpjgobBimYEfoPjx1Vx0BSX9P30WBdZW2WIKU0T1Bd0kz2eNZ9ikjKgHbEyKx8BB6H1L3h3A==, registry: https://registry.nlark.com/, tarball: https://registry.npmmirror.com/domutils/-/domutils-2.8.0.tgz}
    name: domutils
    version: 2.8.0
    dependencies:
      dom-serializer: registry.npmmirror.com/dom-serializer/1.4.1
      domelementtype: registry.npmmirror.com/domelementtype/2.3.0
      domhandler: registry.npmmirror.com/domhandler/4.3.1
    dev: true

  registry.npmmirror.com/ecc-jsbn/0.1.2:
    resolution: {integrity: sha512-eh9O+hwRHNbG4BLTjEl3nw044CkGm5X6LoaCf7LPp7UU8Qrt47JYNi6nPX8xjW97TKGKm1ouctg0QSpZe9qrnw==, registry: https://registry.nlark.com/, tarball: https://registry.npmmirror.com/ecc-jsbn/-/ecc-jsbn-0.1.2.tgz}
    name: ecc-jsbn
    version: 0.1.2
    dependencies:
      jsbn: registry.npmmirror.com/jsbn/0.1.1
      safer-buffer: registry.npmmirror.com/safer-buffer/2.1.2
    dev: true

  registry.npmmirror.com/entities/2.2.0:
    resolution: {integrity: sha512-p92if5Nz619I0w+akJrLZH0MX0Pb5DX39XOwQTtXSdQQOaYH03S1uIQp4mhOZtAXrxq4ViO67YTiLBo2638o9A==, registry: https://registry.nlark.com/, tarball: https://registry.npmmirror.com/entities/-/entities-2.2.0.tgz}
    name: entities
    version: 2.2.0
    dev: true

  registry.npmmirror.com/extend/3.0.2:
    resolution: {integrity: sha512-fjquC59cD7CyW6urNXK0FBufkZcoiGG80wTuPujX590cB5Ttln20E2UB4S/WARVqhXffZl2LNgS+gQdPIIim/g==, registry: https://registry.nlark.com/, tarball: https://registry.npmmirror.com/extend/-/extend-3.0.2.tgz}
    name: extend
    version: 3.0.2
    dev: true

  registry.npmmirror.com/extsprintf/1.3.0:
    resolution: {integrity: sha512-11Ndz7Nv+mvAC1j0ktTa7fAb0vLyGGX+rMHNBYQviQDGU0Hw7lhctJANqbPhu9nV9/izT/IntTgZ7Im/9LJs9g==, registry: https://registry.nlark.com/, tarball: https://registry.npmmirror.com/extsprintf/-/extsprintf-1.3.0.tgz}
    name: extsprintf
    version: 1.3.0
    engines: {'0': node >=0.6.0}
    dev: true

  registry.npmmirror.com/fast-deep-equal/3.1.3:
    resolution: {integrity: sha512-f3qQ9oQy9j2AhBe/H9VC91wLmKBCCU/gDOnKNAYG5hswO7BLKj09Hc5HYNz9cGI++xlpDCIgDaitVs03ATR84Q==, registry: https://registry.nlark.com/, tarball: https://registry.npmmirror.com/fast-deep-equal/-/fast-deep-equal-3.1.3.tgz}
    name: fast-deep-equal
    version: 3.1.3
    dev: true

  registry.npmmirror.com/fast-json-stable-stringify/2.1.0:
    resolution: {integrity: sha512-lhd/wF+Lk98HZoTCtlVraHtfh5XYijIjalXck7saUtuanSDyLMxnHhSXEDJqHxD7msR8D0uCmqlkwjCV8xvwHw==, registry: https://registry.nlark.com/, tarball: https://registry.npmmirror.com/fast-json-stable-stringify/-/fast-json-stable-stringify-2.1.0.tgz}
    name: fast-json-stable-stringify
    version: 2.1.0
    dev: true

  registry.npmmirror.com/forever-agent/0.6.1:
    resolution: {integrity: sha512-j0KLYPhm6zeac4lz3oJ3o65qvgQCcPubiyotZrXqEaG4hNagNYO8qdlUrX5vwqv9ohqeT/Z3j6+yW067yWWdUw==, registry: https://registry.nlark.com/, tarball: https://registry.npmmirror.com/forever-agent/-/forever-agent-0.6.1.tgz}
    name: forever-agent
    version: 0.6.1
    dev: true

  registry.npmmirror.com/form-data/2.3.3:
    resolution: {integrity: sha512-1lLKB2Mu3aGP1Q/2eCOx0fNbRMe7XdwktwOruhfqqd0rIJWwN4Dh+E3hrPSlDCXnSR7UtZ1N38rVXm+6+MEhJQ==, registry: https://registry.nlark.com/, tarball: https://registry.npmmirror.com/form-data/-/form-data-2.3.3.tgz}
    name: form-data
    version: 2.3.3
    engines: {node: '>= 0.12'}
    dependencies:
      asynckit: registry.npmmirror.com/asynckit/0.4.0
      combined-stream: registry.npmmirror.com/combined-stream/1.0.8
      mime-types: registry.npmmirror.com/mime-types/2.1.35
    dev: true

  registry.npmmirror.com/fs-extra/10.1.0:
    resolution: {integrity: sha512-oRXApq54ETRj4eMiFzGnHWGy+zo5raudjuxN0b8H7s/RU2oW0Wvsx9O0ACRN/kRq9E8Vu/ReskGB5o3ji+FzHQ==, registry: https://registry.nlark.com/, tarball: https://registry.npmmirror.com/fs-extra/-/fs-extra-10.1.0.tgz}
    name: fs-extra
    version: 10.1.0
    engines: {node: '>=12'}
    dependencies:
      graceful-fs: registry.npmmirror.com/graceful-fs/4.2.10
      jsonfile: registry.npmmirror.com/jsonfile/6.1.0
      universalify: registry.npmmirror.com/universalify/2.0.0
    dev: false

  registry.npmmirror.com/getpass/0.1.7:
    resolution: {integrity: sha512-0fzj9JxOLfJ+XGLhR8ze3unN0KZCgZwiSSDz168VERjK8Wl8kVSdcu2kspd4s4wtAa1y/qrVRiAA0WclVsu0ng==, registry: https://registry.nlark.com/, tarball: https://registry.npmmirror.com/getpass/-/getpass-0.1.7.tgz}
    name: getpass
    version: 0.1.7
    dependencies:
      assert-plus: registry.npmmirror.com/assert-plus/1.0.0
    dev: true

  registry.npmmirror.com/graceful-fs/4.2.10:
    resolution: {integrity: sha512-9ByhssR2fPVsNZj478qUUbKfmL0+t5BDVyjShtyZZLiK7ZDAArFFfopyOTj0M05wE2tJPisA4iTnnXl2YoPvOA==, registry: https://registry.nlark.com/, tarball: https://registry.npmmirror.com/graceful-fs/-/graceful-fs-4.2.10.tgz}
    name: graceful-fs
    version: 4.2.10
    dev: false

  registry.npmmirror.com/handlebars/4.7.7:
    resolution: {integrity: sha512-aAcXm5OAfE/8IXkcZvCepKU3VzW1/39Fb5ZuqMtgI/hT8X2YgoMvBY5dLhq/cpOvw7Lk1nK/UF71aLG/ZnVYRA==, registry: https://registry.nlark.com/, tarball: https://registry.npmmirror.com/handlebars/-/handlebars-4.7.7.tgz}
    name: handlebars
    version: 4.7.7
    engines: {node: '>=0.4.7'}
    hasBin: true
    dependencies:
      minimist: registry.npmmirror.com/minimist/1.2.6
      neo-async: registry.npmmirror.com/neo-async/2.6.2
      source-map: registry.npmmirror.com/source-map/0.6.1
      wordwrap: registry.npmmirror.com/wordwrap/1.0.0
    optionalDependencies:
      uglify-js: registry.npmmirror.com/uglify-js/3.15.4
    dev: false

  registry.npmmirror.com/har-schema/2.0.0:
    resolution: {integrity: sha512-Oqluz6zhGX8cyRaTQlFMPw80bSJVG2x/cFb8ZPhUILGgHka9SsokCCOQgpveePerqidZOrT14ipqfJb7ILcW5Q==, registry: https://registry.nlark.com/, tarball: https://registry.npmmirror.com/har-schema/-/har-schema-2.0.0.tgz}
    name: har-schema
    version: 2.0.0
    engines: {node: '>=4'}
    dev: true

  registry.npmmirror.com/har-validator/5.1.5:
    resolution: {integrity: sha512-nmT2T0lljbxdQZfspsno9hgrG3Uir6Ks5afism62poxqBM6sDnMEuPmzTq8XN0OEwqKLLdh1jQI3qyE66Nzb3w==, registry: https://registry.nlark.com/, tarball: https://registry.npmmirror.com/har-validator/-/har-validator-5.1.5.tgz}
    name: har-validator
    version: 5.1.5
    engines: {node: '>=6'}
    deprecated: this library is no longer supported
    dependencies:
      ajv: registry.npmmirror.com/ajv/6.12.6
      har-schema: registry.npmmirror.com/har-schema/2.0.0
    dev: true

  registry.npmmirror.com/htmlparser2/6.1.0:
    resolution: {integrity: sha512-gyyPk6rgonLFEDGoeRgQNaEUvdJ4ktTmmUh/h2t7s+M8oPpIPxgNACWa+6ESR57kXstwqPiCut0V8NRpcwgU7A==, registry: https://registry.nlark.com/, tarball: https://registry.npmmirror.com/htmlparser2/-/htmlparser2-6.1.0.tgz}
    name: htmlparser2
    version: 6.1.0
    dependencies:
      domelementtype: registry.npmmirror.com/domelementtype/2.3.0
      domhandler: registry.npmmirror.com/domhandler/4.3.1
      domutils: registry.npmmirror.com/domutils/2.8.0
      entities: registry.npmmirror.com/entities/2.2.0
    dev: true

  registry.npmmirror.com/http-signature/1.2.0:
    resolution: {integrity: sha512-CAbnr6Rz4CYQkLYUtSNXxQPUH2gK8f3iWexVlsnMeD+GjlsQ0Xsy1cOX+mN3dtxYomRy21CiOzU8Uhw6OwncEQ==, registry: https://registry.nlark.com/, tarball: https://registry.npmmirror.com/http-signature/-/http-signature-1.2.0.tgz}
    name: http-signature
    version: 1.2.0
    engines: {node: '>=0.8', npm: '>=1.3.7'}
    dependencies:
      assert-plus: registry.npmmirror.com/assert-plus/1.0.0
      jsprim: registry.npmmirror.com/jsprim/1.4.2
      sshpk: registry.npmmirror.com/sshpk/1.17.0
    dev: true

  registry.npmmirror.com/is-typedarray/1.0.0:
    resolution: {integrity: sha512-cyA56iCMHAh5CdzjJIa4aohJyeO1YbwLi3Jc35MmRU6poroFjIGZzUzupGiRPOjgHg9TLu43xbpwXk523fMxKA==, registry: https://registry.nlark.com/, tarball: https://registry.npmmirror.com/is-typedarray/-/is-typedarray-1.0.0.tgz}
    name: is-typedarray
    version: 1.0.0
    dev: true

  registry.npmmirror.com/isstream/0.1.2:
    resolution: {integrity: sha512-Yljz7ffyPbrLpLngrMtZ7NduUgVvi6wG9RJ9IUcyCd59YQ911PBJphODUcbOVbqYfxe1wuYf/LJ8PauMRwsM/g==, registry: https://registry.nlark.com/, tarball: https://registry.npmmirror.com/isstream/-/isstream-0.1.2.tgz}
    name: isstream
    version: 0.1.2
    dev: true

  registry.npmmirror.com/jsbn/0.1.1:
    resolution: {integrity: sha512-UVU9dibq2JcFWxQPA6KCqj5O42VOmAY3zQUfEKxU0KpTGXwNoCjkX1e13eHNvw/xPynt6pU0rZ1htjWTNTSXsg==, registry: https://registry.nlark.com/, tarball: https://registry.npmmirror.com/jsbn/-/jsbn-0.1.1.tgz}
    name: jsbn
    version: 0.1.1
    dev: true

  registry.npmmirror.com/json-schema-traverse/0.4.1:
    resolution: {integrity: sha512-xbbCH5dCYU5T8LcEhhuh7HJ88HXuW3qsI3Y0zOZFKfZEHcpWiHU/Jxzk629Brsab/mMiHQti9wMP+845RPe3Vg==, registry: https://registry.nlark.com/, tarball: https://registry.npmmirror.com/json-schema-traverse/-/json-schema-traverse-0.4.1.tgz}
    name: json-schema-traverse
    version: 0.4.1
    dev: true

  registry.npmmirror.com/json-schema/0.4.0:
    resolution: {integrity: sha512-es94M3nTIfsEPisRafak+HDLfHXnKBhV3vU5eqPcS3flIWqcxJWgXHXiey3YrpaNsanY5ei1VoYEbOzijuq9BA==, registry: https://registry.nlark.com/, tarball: https://registry.npmmirror.com/json-schema/download/json-schema-0.4.0.tgz}
    name: json-schema
    version: 0.4.0
    dev: true

  registry.npmmirror.com/json-stringify-safe/5.0.1:
    resolution: {integrity: sha512-ZClg6AaYvamvYEE82d3Iyd3vSSIjQ+odgjaTzRuO3s7toCdFKczob2i0zCh7JE8kWn17yvAWhUVxvqGwUalsRA==, registry: https://registry.nlark.com/, tarball: https://registry.npmmirror.com/json-stringify-safe/-/json-stringify-safe-5.0.1.tgz}
    name: json-stringify-safe
    version: 5.0.1
    dev: true

  registry.npmmirror.com/jsonfile/6.1.0:
    resolution: {integrity: sha512-5dgndWOriYSm5cnYaJNhalLNDKOqFwyDB/rr1E9ZsGciGvKPs8R2xYGCacuf3z6K1YKDz182fd+fY3cn3pMqXQ==, registry: https://registry.nlark.com/, tarball: https://registry.npmmirror.com/jsonfile/-/jsonfile-6.1.0.tgz}
    name: jsonfile
    version: 6.1.0
    dependencies:
      universalify: registry.npmmirror.com/universalify/2.0.0
    optionalDependencies:
      graceful-fs: registry.npmmirror.com/graceful-fs/4.2.10
    dev: false

  registry.npmmirror.com/jsprim/1.4.2:
    resolution: {integrity: sha512-P2bSOMAc/ciLz6DzgjVlGJP9+BrJWu5UDGK70C2iweC5QBIeFf0ZXRvGjEj2uYgrY2MkAAhsSWHDWlFtEroZWw==, registry: https://registry.nlark.com/, tarball: https://registry.npmmirror.com/jsprim/-/jsprim-1.4.2.tgz}
    name: jsprim
    version: 1.4.2
    engines: {node: '>=0.6.0'}
    dependencies:
      assert-plus: registry.npmmirror.com/assert-plus/1.0.0
      extsprintf: registry.npmmirror.com/extsprintf/1.3.0
      json-schema: registry.npmmirror.com/json-schema/0.4.0
      verror: 1.10.0
    dev: true

  registry.npmmirror.com/mime-db/1.52.0:
    resolution: {integrity: sha512-sPU4uV7dYlvtWJxwwxHD0PuihVNiE7TyAbQ5SWxDCB9mUYvOgroQOwYQQOKPJ8CIbE+1ETVlOoK1UC2nU3gYvg==, registry: https://registry.nlark.com/, tarball: https://registry.npmmirror.com/mime-db/-/mime-db-1.52.0.tgz}
    name: mime-db
    version: 1.52.0
    engines: {node: '>= 0.6'}
    dev: true

  registry.npmmirror.com/mime-types/2.1.35:
    resolution: {integrity: sha512-ZDY+bPm5zTTF+YpCrAU9nK0UgICYPT0QtT1NZWFv4s++TNkcgVaT0g6+4R2uI4MjQjzysHB1zxuWL50hzaeXiw==, registry: https://registry.nlark.com/, tarball: https://registry.npmmirror.com/mime-types/-/mime-types-2.1.35.tgz}
    name: mime-types
    version: 2.1.35
    engines: {node: '>= 0.6'}
    dependencies:
      mime-db: registry.npmmirror.com/mime-db/1.52.0
    dev: true

  registry.npmmirror.com/minimist/1.2.6:
    resolution: {integrity: sha512-Jsjnk4bw3YJqYzbdyBiNsPWHPfO++UGG749Cxs6peCu5Xg4nrena6OVxOYxrQTqww0Jmwt+Ref8rggumkTLz9Q==, registry: https://registry.nlark.com/, tarball: https://registry.npmmirror.com/minimist/-/minimist-1.2.6.tgz}
    name: minimist
    version: 1.2.6
    dev: false

  registry.npmmirror.com/neo-async/2.6.2:
    resolution: {integrity: sha512-Yd3UES5mWCSqR+qNT93S3UoYUkqAZ9lLg8a7g9rimsWmYGK8cVToA4/sF3RrshdyV3sAGMXVUmpMYOw+dLpOuw==, registry: https://registry.nlark.com/, tarball: https://registry.npmmirror.com/neo-async/-/neo-async-2.6.2.tgz}
    name: neo-async
    version: 2.6.2
    dev: false

  registry.npmmirror.com/nth-check/2.0.1:
    resolution: {integrity: sha512-it1vE95zF6dTT9lBsYbxvqh0Soy4SPowchj0UBGj/V6cTPnXXtQOPUbhZ6CmGzAD/rW22LQK6E96pcdJXk4A4w==, registry: https://registry.nlark.com/, tarball: https://registry.npmmirror.com/nth-check/-/nth-check-2.0.1.tgz}
    name: nth-check
    version: 2.0.1
    dependencies:
      boolbase: registry.npmmirror.com/boolbase/1.0.0
    dev: true

  registry.npmmirror.com/oauth-sign/0.9.0:
    resolution: {integrity: sha512-fexhUFFPTGV8ybAtSIGbV6gOkSv8UtRbDBnAyLQw4QPKkgNlsH2ByPGtMUqdWkos6YCRmAqViwgZrJc/mRDzZQ==, registry: https://registry.nlark.com/, tarball: https://registry.npmmirror.com/oauth-sign/-/oauth-sign-0.9.0.tgz}
    name: oauth-sign
    version: 0.9.0
    dev: true

  registry.npmmirror.com/parse5-htmlparser2-tree-adapter/6.0.1:
    resolution: {integrity: sha512-qPuWvbLgvDGilKc5BoicRovlT4MtYT6JfJyBOMDsKoiT+GiuP5qyrPCnR9HcPECIJJmZh5jRndyNThnhhb/vlA==, registry: https://registry.nlark.com/, tarball: https://registry.npmmirror.com/parse5-htmlparser2-tree-adapter/-/parse5-htmlparser2-tree-adapter-6.0.1.tgz}
    name: parse5-htmlparser2-tree-adapter
    version: 6.0.1
    dependencies:
      parse5: registry.npmmirror.com/parse5/6.0.1
    dev: true

  registry.npmmirror.com/parse5/6.0.1:
    resolution: {integrity: sha512-Ofn/CTFzRGTTxwpNEs9PP93gXShHcTq255nzRYSKe8AkVpZY7e1fpmTfOyoIvjP5HG7Z2ZM7VS9PPhQGW2pOpw==, registry: https://registry.nlark.com/, tarball: https://registry.npmmirror.com/parse5/-/parse5-6.0.1.tgz}
    name: parse5
    version: 6.0.1
    dev: true

  registry.npmmirror.com/performance-now/2.1.0:
    resolution: {integrity: sha512-7EAHlyLHI56VEIdK57uwHdHKIaAGbnXPiw0yWbarQZOKaKpvUIgW0jWRVLiatnM+XXlSwsanIBH/hzGMJulMow==, registry: https://registry.nlark.com/, tarball: https://registry.npmmirror.com/performance-now/-/performance-now-2.1.0.tgz}
    name: performance-now
    version: 2.1.0
    dev: true

  registry.npmmirror.com/psl/1.8.0:
    resolution: {integrity: sha512-RIdOzyoavK+hA18OGGWDqUTsCLhtA7IcZ/6NCs4fFJaHBDab+pDDmDIByWFRQJq2Cd7r1OoQxBGKOaztq+hjIQ==, registry: https://registry.nlark.com/, tarball: https://registry.npmmirror.com/psl/-/psl-1.8.0.tgz}
    name: psl
    version: 1.8.0
    dev: true

  registry.npmmirror.com/punycode/2.1.1:
    resolution: {integrity: sha512-XRsRjdf+j5ml+y/6GKHPZbrF/8p2Yga0JPtdqTIY2Xe5ohJPD9saDJJLPvp9+NSBprVvevdXZybnj2cv8OEd0A==, registry: https://registry.nlark.com/, tarball: https://registry.npmmirror.com/punycode/-/punycode-2.1.1.tgz}
    name: punycode
    version: 2.1.1
    engines: {node: '>=6'}
    dev: true

  registry.npmmirror.com/qs/6.5.3:
    resolution: {integrity: sha512-qxXIEh4pCGfHICj1mAJQ2/2XVZkjCDTcEgfoSQxc/fYivUZxTkk7L3bDBJSoNrEzXI17oUO5Dp07ktqE5KzczA==, registry: https://registry.nlark.com/, tarball: https://registry.npmmirror.com/qs/-/qs-6.5.3.tgz}
    name: qs
    version: 6.5.3
    engines: {node: '>=0.6'}
    dev: true

  registry.npmmirror.com/request/2.88.2:
    resolution: {integrity: sha512-MsvtOrfG9ZcrOwAW+Qi+F6HbD0CWXEh9ou77uOb7FM2WPhwT7smM833PzanhJLsgXjN89Ir6V2PczXNnMpwKhw==, registry: https://registry.nlark.com/, tarball: https://registry.npmmirror.com/request/-/request-2.88.2.tgz}
    name: request
    version: 2.88.2
    engines: {node: '>= 6'}
    deprecated: request has been deprecated, see https://github.com/request/request/issues/3142
    dependencies:
      aws-sign2: registry.npmmirror.com/aws-sign2/0.7.0
      aws4: registry.npmmirror.com/aws4/1.11.0
      caseless: registry.npmmirror.com/caseless/0.12.0
      combined-stream: registry.npmmirror.com/combined-stream/1.0.8
      extend: registry.npmmirror.com/extend/3.0.2
      forever-agent: registry.npmmirror.com/forever-agent/0.6.1
      form-data: registry.npmmirror.com/form-data/2.3.3
      har-validator: registry.npmmirror.com/har-validator/5.1.5
      http-signature: registry.npmmirror.com/http-signature/1.2.0
      is-typedarray: registry.npmmirror.com/is-typedarray/1.0.0
      isstream: registry.npmmirror.com/isstream/0.1.2
      json-stringify-safe: registry.npmmirror.com/json-stringify-safe/5.0.1
      mime-types: registry.npmmirror.com/mime-types/2.1.35
      oauth-sign: registry.npmmirror.com/oauth-sign/0.9.0
      performance-now: registry.npmmirror.com/performance-now/2.1.0
      qs: registry.npmmirror.com/qs/6.5.3
      safe-buffer: registry.npmmirror.com/safe-buffer/5.2.1
      tough-cookie: registry.npmmirror.com/tough-cookie/2.5.0
      tunnel-agent: registry.npmmirror.com/tunnel-agent/0.6.0
      uuid: registry.npmmirror.com/uuid/3.4.0
    dev: true

  registry.npmmirror.com/safe-buffer/5.2.1:
    resolution: {integrity: sha512-rp3So07KcdmmKbGvgaNxQSJr7bGVSVk5S9Eq1F+ppbRo70+YeaDxkw5Dd8NPN+GD6bjnYm2VuPuCXmpuYvmCXQ==, registry: https://registry.nlark.com/, tarball: https://registry.npmmirror.com/safe-buffer/-/safe-buffer-5.2.1.tgz}
    name: safe-buffer
    version: 5.2.1
    dev: true

  registry.npmmirror.com/safer-buffer/2.1.2:
    resolution: {integrity: sha512-YZo3K82SD7Riyi0E1EQPojLz7kpepnSQI9IyPbHHg1XXXevb5dJI7tpyN2ADxGcQbHG7vcyRHk0cbwqcQriUtg==, registry: https://registry.nlark.com/, tarball: https://registry.npmmirror.com/safer-buffer/-/safer-buffer-2.1.2.tgz}
    name: safer-buffer
    version: 2.1.2
    dev: true

  registry.npmmirror.com/source-map/0.6.1:
    resolution: {integrity: sha512-UjgapumWlbMhkBgzT7Ykc5YXUT46F0iKu8SGXq0bcwP5dz/h0Plj6enJqjz1Zbq2l5WaqYnrVbwWOWMyF3F47g==, registry: https://registry.nlark.com/, tarball: https://registry.npmmirror.com/source-map/-/source-map-0.6.1.tgz}
    name: source-map
    version: 0.6.1
    engines: {node: '>=0.10.0'}
    dev: false

  registry.npmmirror.com/sshpk/1.17.0:
    resolution: {integrity: sha512-/9HIEs1ZXGhSPE8X6Ccm7Nam1z8KcoCqPdI7ecm1N33EzAetWahvQWVqLZtaZQ+IDKX4IyA2o0gBzqIMkAagHQ==, registry: https://registry.nlark.com/, tarball: https://registry.npmmirror.com/sshpk/-/sshpk-1.17.0.tgz}
    name: sshpk
    version: 1.17.0
    engines: {node: '>=0.10.0'}
    hasBin: true
    dependencies:
      asn1: registry.npmmirror.com/asn1/0.2.6
      assert-plus: registry.npmmirror.com/assert-plus/1.0.0
      bcrypt-pbkdf: registry.npmmirror.com/bcrypt-pbkdf/1.0.2
      dashdash: registry.npmmirror.com/dashdash/1.14.1
      ecc-jsbn: registry.npmmirror.com/ecc-jsbn/0.1.2
      getpass: registry.npmmirror.com/getpass/0.1.7
      jsbn: registry.npmmirror.com/jsbn/0.1.1
      safer-buffer: registry.npmmirror.com/safer-buffer/2.1.2
      tweetnacl: registry.npmmirror.com/tweetnacl/0.14.5
    dev: true

  registry.npmmirror.com/tough-cookie/2.5.0:
    resolution: {integrity: sha512-nlLsUzgm1kfLXSXfRZMc1KLAugd4hqJHDTvc2hDIwS3mZAfMEuMbc03SujMF+GEcpaX/qboeycw6iO8JwVv2+g==, registry: https://registry.nlark.com/, tarball: https://registry.npmmirror.com/tough-cookie/-/tough-cookie-2.5.0.tgz}
    name: tough-cookie
    version: 2.5.0
    engines: {node: '>=0.8'}
    dependencies:
      psl: registry.npmmirror.com/psl/1.8.0
      punycode: registry.npmmirror.com/punycode/2.1.1
    dev: true

  registry.npmmirror.com/tslib/2.4.0:
    resolution: {integrity: sha512-d6xOpEDfsi2CZVlPQzGeux8XMwLT9hssAsaPYExaQMuYskwb+x1x7J371tWlbBdWHroy99KnVB6qIkUbs5X3UQ==, registry: https://registry.nlark.com/, tarball: https://registry.npmmirror.com/tslib/-/tslib-2.4.0.tgz}
    name: tslib
    version: 2.4.0
    dev: true

  registry.npmmirror.com/tunnel-agent/0.6.0:
    resolution: {integrity: sha512-McnNiV1l8RYeY8tBgEpuodCC1mLUdbSN+CYBL7kJsJNInOP8UjDDEwdk6Mw60vdLLrr5NHKZhMAOSrR2NZuQ+w==, registry: https://registry.nlark.com/, tarball: https://registry.npmmirror.com/tunnel-agent/-/tunnel-agent-0.6.0.tgz}
    name: tunnel-agent
    version: 0.6.0
    dependencies:
      safe-buffer: registry.npmmirror.com/safe-buffer/5.2.1
    dev: true

  registry.npmmirror.com/tweetnacl/0.14.5:
    resolution: {integrity: sha512-KXXFFdAbFXY4geFIwoyNK+f5Z1b7swfXABfL7HXCmoIWMKU3dmS26672A4EeQtDzLKy7SXmfBu51JolvEKwtGA==, registry: https://registry.nlark.com/, tarball: https://registry.npmmirror.com/tweetnacl/-/tweetnacl-0.14.5.tgz}
    name: tweetnacl
    version: 0.14.5
    dev: true

  registry.npmmirror.com/uglify-js/3.15.4:
    resolution: {integrity: sha512-vMOPGDuvXecPs34V74qDKk4iJ/SN4vL3Ow/23ixafENYvtrNvtbcgUeugTcUGRGsOF/5fU8/NYSL5Hyb3l1OJA==, registry: https://registry.nlark.com/, tarball: https://registry.npmmirror.com/uglify-js/-/uglify-js-3.15.4.tgz}
    name: uglify-js
    version: 3.15.4
    engines: {node: '>=0.8.0'}
    hasBin: true
    requiresBuild: true
    dev: false
    optional: true

  registry.npmmirror.com/universalify/2.0.0:
    resolution: {integrity: sha512-hAZsKq7Yy11Zu1DE0OzWjw7nnLZmJZYTDZZyEFHZdUhV8FkH5MCfoU1XMaxXovpyW5nq5scPqq0ZDP9Zyl04oQ==, registry: https://registry.nlark.com/, tarball: https://registry.npmmirror.com/universalify/-/universalify-2.0.0.tgz}
    name: universalify
    version: 2.0.0
    engines: {node: '>= 10.0.0'}
    dev: false

  registry.npmmirror.com/uri-js/4.4.1:
    resolution: {integrity: sha512-7rKUyy33Q1yc98pQ1DAmLtwX109F7TIfWlW1Ydo8Wl1ii1SeHieeh0HHfPeL2fMXK6z0s8ecKs9frCuLJvndBg==, registry: https://registry.nlark.com/, tarball: https://registry.npmmirror.com/uri-js/-/uri-js-4.4.1.tgz}
    name: uri-js
    version: 4.4.1
    dependencies:
      punycode: registry.npmmirror.com/punycode/2.1.1
    dev: true

  registry.npmmirror.com/uuid/3.4.0:
    resolution: {integrity: sha512-HjSDRw6gZE5JMggctHBcjVak08+KEVhSIiDzFnT9S9aegmp85S/bReBVTb4QTFaRNptJ9kuYaNhnbNEOkbKb/A==, registry: https://registry.nlark.com/, tarball: https://registry.npmmirror.com/uuid/-/uuid-3.4.0.tgz}
    name: uuid
    version: 3.4.0
    deprecated: Please upgrade  to version 7 or higher.  Older versions may use Math.random() in certain circumstances, which is known to be problematic.  See https://v8.dev/blog/math-random for details.
    hasBin: true
    dev: true

  registry.npmmirror.com/wordwrap/1.0.0:
    resolution: {integrity: sha512-gvVzJFlPycKc5dZN4yPkP8w7Dc37BtP1yczEneOb4uq34pXZcvrtRTmWV8W+Ume+XCxKgbjM+nevkyFPMybd4Q==, registry: https://registry.nlark.com/, tarball: https://registry.npmmirror.com/wordwrap/-/wordwrap-1.0.0.tgz}
    name: wordwrap
    version: 1.0.0
    dev: false
